{
  "name": "chota-hero",
  "version": "0.0.1",
  "lockfileVersion": 1,
  "requires": true,
  "dependencies": {
    "chota": {
      "version": "0.6.1",
      "resolved": "https://registry.npmjs.org/chota/-/chota-0.6.1.tgz",
      "integrity": "sha512-EUhK0HaJqyjf8uKRz7QpROTDzarz4WsGVc59qWUf+3SwGcnMWL248QtaHhrjxRTDSiBtDPwrWnoAcyU+8zFWjQ=="
    },
    "typeface-catamaran": {
      "version": "0.0.72",
      "resolved": "https://registry.npmjs.org/typeface-catamaran/-/typeface-catamaran-0.0.72.tgz",
      "integrity": "sha512-6l9gq/IPseoC40lv/etxdUlIR2RHBKpAm+vu3lwt03Jd4i2+VOhKS/fOz1n0YpRjkz8QyG2qFwYjcoLT02/2qw=="
    },
    "typeface-montserrat": {
      "version": "0.0.54",
      "resolved": "https://registry.npmjs.org/typeface-montserrat/-/typeface-montserrat-0.0.54.tgz",
      "integrity": "sha512-Typhap0PWT299+Va0G/8ZtycHMXrH4gBWKfiW977KEBx5rXUUCa70gvqLx1fdA0WAo6bhSAQmo8uc+QFAmjPww=="
    }
  }
}
